// !$*UTF8*$!
{
	archiveVersion = 1;
	classes = {
	};
	objectVersion = 48;
	objects = {

/* Begin PBXAggregateTarget section */
		AB5BD5E323123DD300BC4BEF /* all */ = {
			isa = PBXAggregateTarget;
			buildConfigurationList = AB5BD5E423123DD300BC4BEF /* Build configuration list for PBXAggregateTarget "all" */;
			buildPhases = (
			);
			dependencies = (
				AB5BD5E823123DE400BC4BEF /* PBXTargetDependency */,
				AB5BD5EA23123DE500BC4BEF /* PBXTargetDependency */,
			);
			name = all;
			productName = all;
		};
		AB5BD5EF23123F0300BC4BEF /* Version stamp */ = {
			isa = PBXAggregateTarget;
			buildConfigurationList = AB5BD5F023123F0300BC4BEF /* Build configuration list for PBXAggregateTarget "Version stamp" */;
			buildPhases = (
				AB5BD5FA23123F1C00BC4BEF /* ShellScript */,
			);
			dependencies = (
			);
			name = "Version stamp";
			productName = "Version stamp";
		};
/* End PBXAggregateTarget section */

/* Begin PBXBuildFile section */
		AB17554425AC812300C581C8 /* whaven.c in Sources */ = {isa = PBXBuildFile; fileRef = AB9E4AC82312995E0008A90E /* whaven.c */; };
		AB17555C25AC8B7800C581C8 /* version-auto.c in Sources */ = {isa = PBXBuildFile; fileRef = AB17555525AC8B7800C581C8 /* version-auto.c */; };
		AB1755BA25B9BD0800C581C8 /* Images.xcassets in Resources */ = {isa = PBXBuildFile; fileRef = AB9E4AC42312976F0008A90E /* Images.xcassets */; };
		AB3AE6C21A4D423600CE4329 /* b5compat.c in Sources */ = {isa = PBXBuildFile; fileRef = AB3AE6C11A4D423600CE4329 /* b5compat.c */; };
		AB7F67A72B6BDA0F00CF1300 /* datascan.c in Sources */ = {isa = PBXBuildFile; fileRef = AB7F67A62B6BDA0F00CF1300 /* datascan.c */; };
		AB7F67B12B6BE86700CF1300 /* palette.c in Sources */ = {isa = PBXBuildFile; fileRef = AB7F67B02B6BE86700CF1300 /* palette.c */; };
		AB807458296AAD9B00CA6B33 /* whsmk.c in Sources */ = {isa = PBXBuildFile; fileRef = AB807450296AAAC900CA6B33 /* whsmk.c */; };
		AB807465296AAE0500CA6B33 /* smacker.c in Sources */ = {isa = PBXBuildFile; fileRef = AB80745F296AAE0500CA6B33 /* smacker.c */; };
		AB807466296AAE0500CA6B33 /* smk_hufftree.c in Sources */ = {isa = PBXBuildFile; fileRef = AB807463296AAE0500CA6B33 /* smk_hufftree.c */; };
		AB807467296AAE0500CA6B33 /* smk_bitstream.c in Sources */ = {isa = PBXBuildFile; fileRef = AB807464296AAE0500CA6B33 /* smk_bitstream.c */; };
		AB98B2DF1A6B87E6009E8749 /* config.c in Sources */ = {isa = PBXBuildFile; fileRef = AB98B2DE1A6B87E6009E8749 /* config.c */; };
		AB9E4ABD23125D810008A90E /* SDL2.framework in Frameworks */ = {isa = PBXBuildFile; fileRef = ABC75BDC1A49C30C007D0D43 /* SDL2.framework */; };
		AB9E4ABE23125D810008A90E /* SDL2.framework in Embed Frameworks */ = {isa = PBXBuildFile; fileRef = ABC75BDC1A49C30C007D0D43 /* SDL2.framework */; settings = {ATTRIBUTES = (RemoveHeadersOnCopy, ); }; };
		AB9E4AC52312976F0008A90E /* Images.xcassets in Resources */ = {isa = PBXBuildFile; fileRef = AB9E4AC42312976F0008A90E /* Images.xcassets */; };
		AB9E4AE42312ABAB0008A90E /* whmenu.c in Sources */ = {isa = PBXBuildFile; fileRef = AB9E4ADB2312ABAB0008A90E /* whmenu.c */; };
		AB9E4AE52312ABAB0008A90E /* whsndmod.c in Sources */ = {isa = PBXBuildFile; fileRef = AB9E4ADC2312ABAB0008A90E /* whsndmod.c */; };
		AB9E4AE62312ABAB0008A90E /* whnet.c in Sources */ = {isa = PBXBuildFile; fileRef = AB9E4ADD2312ABAB0008A90E /* whnet.c */; };
		AB9E4AE72312ABAB0008A90E /* whani.c in Sources */ = {isa = PBXBuildFile; fileRef = AB9E4ADE2312ABAB0008A90E /* whani.c */; };
		AB9E4AE82312ABAB0008A90E /* whtag.c in Sources */ = {isa = PBXBuildFile; fileRef = AB9E4ADF2312ABAB0008A90E /* whtag.c */; };
		AB9E4AE92312ABAB0008A90E /* whplr.c in Sources */ = {isa = PBXBuildFile; fileRef = AB9E4AE02312ABAB0008A90E /* whplr.c */; };
		AB9E4AEA2312ABAB0008A90E /* whinp.c in Sources */ = {isa = PBXBuildFile; fileRef = AB9E4AE12312ABAB0008A90E /* whinp.c */; };
		AB9E4AEB2312ABAB0008A90E /* whobj.c in Sources */ = {isa = PBXBuildFile; fileRef = AB9E4AE22312ABAB0008A90E /* whobj.c */; };
		AB9E4AEC2312ABAB0008A90E /* whfx.c in Sources */ = {isa = PBXBuildFile; fileRef = AB9E4AE32312ABAB0008A90E /* whfx.c */; };
		ABB2756A25C0285D006709E2 /* libjfaudiolib.a in Frameworks */ = {isa = PBXBuildFile; fileRef = ABB2755E25C02828006709E2 /* libjfaudiolib.a */; };
		ABB2756C25C02867006709E2 /* AudioToolbox.framework in Frameworks */ = {isa = PBXBuildFile; fileRef = ABB2756B25C02867006709E2 /* AudioToolbox.framework */; };
		ABB2756E25C0286E006709E2 /* AudioUnit.framework in Frameworks */ = {isa = PBXBuildFile; fileRef = ABB2756D25C0286E006709E2 /* AudioUnit.framework */; };
		ABC75BD81A49C19A007D0D43 /* startwin.game.nib in Resources */ = {isa = PBXBuildFile; fileRef = ABC75BD61A49C19A007D0D43 /* startwin.game.nib */; };
		ABC75BDB1A49C2D8007D0D43 /* libengine.a in Frameworks */ = {isa = PBXBuildFile; fileRef = ABC75BC91A49BFB1007D0D43 /* libengine.a */; };
		ABC75BE01A49C347007D0D43 /* AppKit.framework in Frameworks */ = {isa = PBXBuildFile; fileRef = ABC75BDF1A49C347007D0D43 /* AppKit.framework */; };
		ABC75BE11A49C36C007D0D43 /* SDL2.framework in Frameworks */ = {isa = PBXBuildFile; fileRef = ABC75BDC1A49C30C007D0D43 /* SDL2.framework */; };
		ABD03E161A5181020012B9D1 /* StartupWinController.m in Sources */ = {isa = PBXBuildFile; fileRef = ABD03E151A5181020012B9D1 /* StartupWinController.m */; };
		ABD03E771A52745C0012B9D1 /* startwin.editor.nib in Resources */ = {isa = PBXBuildFile; fileRef = ABD03E751A52745C0012B9D1 /* startwin.editor.nib */; };
		ABD03E781A52747F0012B9D1 /* SDL2.framework in Frameworks */ = {isa = PBXBuildFile; fileRef = ABC75BDC1A49C30C007D0D43 /* SDL2.framework */; };
		ABD03E791A52747F0012B9D1 /* SDL2.framework in Embed Frameworks */ = {isa = PBXBuildFile; fileRef = ABC75BDC1A49C30C007D0D43 /* SDL2.framework */; settings = {ATTRIBUTES = (RemoveHeadersOnCopy, ); }; };
		ABD03E7B1A5274870012B9D1 /* AppKit.framework in Frameworks */ = {isa = PBXBuildFile; fileRef = ABC75BDF1A49C347007D0D43 /* AppKit.framework */; };
		ABD03E7C1A5274910012B9D1 /* libeditor.a in Frameworks */ = {isa = PBXBuildFile; fileRef = ABC75BCB1A49BFB1007D0D43 /* libeditor.a */; };
		ABD03E7D1A5274910012B9D1 /* libeditorsupp.a in Frameworks */ = {isa = PBXBuildFile; fileRef = ABC75BCD1A49BFB1007D0D43 /* libeditorsupp.a */; };
		ABD03E7E1A5274910012B9D1 /* libengine.a in Frameworks */ = {isa = PBXBuildFile; fileRef = ABC75BC91A49BFB1007D0D43 /* libengine.a */; };
		ABD03E811A5275670012B9D1 /* whbuild.c in Sources */ = {isa = PBXBuildFile; fileRef = ABD03E801A5275670012B9D1 /* whbuild.c */; };
/* End PBXBuildFile section */

/* Begin PBXContainerItemProxy section */
		AB5BD5DF23123DA000BC4BEF /* PBXContainerItemProxy */ = {
			isa = PBXContainerItemProxy;
			containerPortal = ABC75BBE1A49BFB1007D0D43 /* engine.xcodeproj */;
			proxyType = 2;
			remoteGlobalIDString = ABE362492144CA6500BA44B3;
			remoteInfo = bin2c;
		};
		AB5BD5E723123DE400BC4BEF /* PBXContainerItemProxy */ = {
			isa = PBXContainerItemProxy;
			containerPortal = ABC75B931A49BC18007D0D43 /* Project object */;
			proxyType = 1;
			remoteGlobalIDString = ABC75B9C1A49BCC3007D0D43;
			remoteInfo = JFWitchaven;
		};
		AB5BD5E923123DE500BC4BEF /* PBXContainerItemProxy */ = {
			isa = PBXContainerItemProxy;
			containerPortal = ABC75B931A49BC18007D0D43 /* Project object */;
			proxyType = 1;
			remoteGlobalIDString = ABD03E471A52720F0012B9D1;
			remoteInfo = "Build Editor for JFWitchaven";
		};
		AB5BD5FB23123F8100BC4BEF /* PBXContainerItemProxy */ = {
			isa = PBXContainerItemProxy;
			containerPortal = ABC75B931A49BC18007D0D43 /* Project object */;
			proxyType = 1;
			remoteGlobalIDString = AB5BD5EF23123F0300BC4BEF;
			remoteInfo = "Version stamp";
		};
		ABB2755D25C02828006709E2 /* PBXContainerItemProxy */ = {
			isa = PBXContainerItemProxy;
			containerPortal = ABB2755225C02828006709E2 /* jfaudiolib.xcodeproj */;
			proxyType = 2;
			remoteGlobalIDString = AB2E9E421011E61700DD2F1F;
			remoteInfo = jfaudiolib;
		};
		ABB2755F25C02828006709E2 /* PBXContainerItemProxy */ = {
			isa = PBXContainerItemProxy;
			containerPortal = ABB2755225C02828006709E2 /* jfaudiolib.xcodeproj */;
			proxyType = 2;
			remoteGlobalIDString = AB32FA7F1077102D00A9BAFF;
			remoteInfo = test;
		};
		ABB2756725C02855006709E2 /* PBXContainerItemProxy */ = {
			isa = PBXContainerItemProxy;
			containerPortal = ABB2755225C02828006709E2 /* jfaudiolib.xcodeproj */;
			proxyType = 1;
			remoteGlobalIDString = AB2E9E411011E61600DD2F1F;
			remoteInfo = jfaudiolib;
		};
		ABC75BC81A49BFB1007D0D43 /* PBXContainerItemProxy */ = {
			isa = PBXContainerItemProxy;
			containerPortal = ABC75BBE1A49BFB1007D0D43 /* engine.xcodeproj */;
			proxyType = 2;
			remoteGlobalIDString = AB735F490A29A2DC003261DC;
			remoteInfo = engine;
		};
		ABC75BCA1A49BFB1007D0D43 /* PBXContainerItemProxy */ = {
			isa = PBXContainerItemProxy;
			containerPortal = ABC75BBE1A49BFB1007D0D43 /* engine.xcodeproj */;
			proxyType = 2;
			remoteGlobalIDString = AB735FCC0A29A916003261DC;
			remoteInfo = editor;
		};
		ABC75BCC1A49BFB1007D0D43 /* PBXContainerItemProxy */ = {
			isa = PBXContainerItemProxy;
			containerPortal = ABC75BBE1A49BFB1007D0D43 /* engine.xcodeproj */;
			proxyType = 2;
			remoteGlobalIDString = AB3FE4550C04336F00D5DBDC;
			remoteInfo = editorsupp;
		};
		ABC75BCE1A49BFB1007D0D43 /* PBXContainerItemProxy */ = {
			isa = PBXContainerItemProxy;
			containerPortal = ABC75BBE1A49BFB1007D0D43 /* engine.xcodeproj */;
			proxyType = 2;
			remoteGlobalIDString = ABAE9AD20F0B307500A528DC;
			remoteInfo = arttool;
		};
		ABC75BD01A49BFB1007D0D43 /* PBXContainerItemProxy */ = {
			isa = PBXContainerItemProxy;
			containerPortal = ABC75BBE1A49BFB1007D0D43 /* engine.xcodeproj */;
			proxyType = 2;
			remoteGlobalIDString = ABAE9C2E0F0CC80200A528DC;
			remoteInfo = kextract;
		};
		ABC75BD21A49BFB1007D0D43 /* PBXContainerItemProxy */ = {
			isa = PBXContainerItemProxy;
			containerPortal = ABC75BBE1A49BFB1007D0D43 /* engine.xcodeproj */;
			proxyType = 2;
			remoteGlobalIDString = ABAE9C390F0CC81900A528DC;
			remoteInfo = kgroup;
		};
		ABC75BE21A49C3AB007D0D43 /* PBXContainerItemProxy */ = {
			isa = PBXContainerItemProxy;
			containerPortal = ABC75BBE1A49BFB1007D0D43 /* engine.xcodeproj */;
			proxyType = 1;
			remoteGlobalIDString = AB735F480A29A2DC003261DC;
			remoteInfo = engine;
		};
		ABD03E2D1A522B970012B9D1 /* PBXContainerItemProxy */ = {
			isa = PBXContainerItemProxy;
			containerPortal = ABC75BBE1A49BFB1007D0D43 /* engine.xcodeproj */;
			proxyType = 2;
			remoteGlobalIDString = ABD03E211A5189E00012B9D1;
			remoteInfo = transpal;
		};
		ABD03E6C1A5273AE0012B9D1 /* PBXContainerItemProxy */ = {
			isa = PBXContainerItemProxy;
			containerPortal = ABC75BBE1A49BFB1007D0D43 /* engine.xcodeproj */;
			proxyType = 1;
			remoteGlobalIDString = AB735F480A29A2DC003261DC;
			remoteInfo = engine;
		};
		ABD03E6E1A5273AE0012B9D1 /* PBXContainerItemProxy */ = {
			isa = PBXContainerItemProxy;
			containerPortal = ABC75BBE1A49BFB1007D0D43 /* engine.xcodeproj */;
			proxyType = 1;
			remoteGlobalIDString = AB735FCB0A29A916003261DC;
			remoteInfo = editor;
		};
		ABD03E701A5273AE0012B9D1 /* PBXContainerItemProxy */ = {
			isa = PBXContainerItemProxy;
			containerPortal = ABC75BBE1A49BFB1007D0D43 /* engine.xcodeproj */;
			proxyType = 1;
			remoteGlobalIDString = AB3FE44A0C04336F00D5DBDC;
			remoteInfo = editorsupp;
		};
/* End PBXContainerItemProxy section */

/* Begin PBXCopyFilesBuildPhase section */
		AB9E4ABF23125D810008A90E /* Embed Frameworks */ = {
			isa = PBXCopyFilesBuildPhase;
			buildActionMask = 2147483647;
			dstPath = "";
			dstSubfolderSpec = 10;
			files = (
				AB9E4ABE23125D810008A90E /* SDL2.framework in Embed Frameworks */,
			);
			name = "Embed Frameworks";
			runOnlyForDeploymentPostprocessing = 0;
		};
		ABD03E7A1A52747F0012B9D1 /* Embed Frameworks */ = {
			isa = PBXCopyFilesBuildPhase;
			buildActionMask = 2147483647;
			dstPath = "";
			dstSubfolderSpec = 10;
			files = (
				ABD03E791A52747F0012B9D1 /* SDL2.framework in Embed Frameworks */,
			);
			name = "Embed Frameworks";
			runOnlyForDeploymentPostprocessing = 0;
		};
/* End PBXCopyFilesBuildPhase section */

/* Begin PBXFileReference section */
		AB17551125A8029A00C581C8 /* sndmod.h */ = {isa = PBXFileReference; fileEncoding = 4; lastKnownFileType = sourcecode.c.h; path = sndmod.h; sourceTree = "<group>"; usesTabs = 1; };
		AB17551225A802C300C581C8 /* les.h */ = {isa = PBXFileReference; fileEncoding = 4; lastKnownFileType = sourcecode.c.h; path = les.h; sourceTree = "<group>"; };
		AB17551325A802C300C581C8 /* jeff.h */ = {isa = PBXFileReference; fileEncoding = 4; lastKnownFileType = sourcecode.c.h; path = jeff.h; sourceTree = "<group>"; };
		AB17551425A802C300C581C8 /* raf.h */ = {isa = PBXFileReference; fileEncoding = 4; lastKnownFileType = sourcecode.c.h; path = raf.h; sourceTree = "<group>"; };
		AB17551525A802E300C581C8 /* whdefs.h */ = {isa = PBXFileReference; fileEncoding = 4; lastKnownFileType = sourcecode.c.h; path = whdefs.h; sourceTree = "<group>"; };
		AB17551725A8036900C581C8 /* keydefs.h */ = {isa = PBXFileReference; fileEncoding = 4; lastKnownFileType = sourcecode.c.h; path = keydefs.h; sourceTree = "<group>"; };
		AB17551F25A9A9CD00C581C8 /* startwin.h */ = {isa = PBXFileReference; lastKnownFileType = sourcecode.c.h; path = startwin.h; sourceTree = "<group>"; };
		AB17554A25AC898300C581C8 /* JFWitchaven.entitlements */ = {isa = PBXFileReference; lastKnownFileType = text.plist.entitlements; path = JFWitchaven.entitlements; sourceTree = "<group>"; };
		AB17555525AC8B7800C581C8 /* version-auto.c */ = {isa = PBXFileReference; fileEncoding = 4; lastKnownFileType = sourcecode.c.c; path = "version-auto.c"; sourceTree = "<group>"; };
		AB17555F25AC8B8800C581C8 /* version.h */ = {isa = PBXFileReference; lastKnownFileType = sourcecode.c.h; path = version.h; sourceTree = "<group>"; };
		AB1755AE25B8510100C581C8 /* Build Editor for JFWitchaven.entitlements */ = {isa = PBXFileReference; lastKnownFileType = text.plist.entitlements; path = "Build Editor for JFWitchaven.entitlements"; sourceTree = "<group>"; };
		AB3AE6C11A4D423600CE4329 /* b5compat.c */ = {isa = PBXFileReference; fileEncoding = 4; lastKnownFileType = sourcecode.c.c; path = b5compat.c; sourceTree = "<group>"; };
		AB5BD5FD23123FA500BC4BEF /* version-auto.c */ = {isa = PBXFileReference; fileEncoding = 4; lastKnownFileType = sourcecode.c.c; path = "version-auto.c"; sourceTree = "<group>"; };
		AB7F67A62B6BDA0F00CF1300 /* datascan.c */ = {isa = PBXFileReference; lastKnownFileType = sourcecode.c.c; path = datascan.c; sourceTree = "<group>"; };
		AB7F67AF2B6BDA7E00CF1300 /* datascan.h */ = {isa = PBXFileReference; lastKnownFileType = sourcecode.c.h; path = datascan.h; sourceTree = "<group>"; };
		AB7F67B02B6BE86700CF1300 /* palette.c */ = {isa = PBXFileReference; fileEncoding = 4; lastKnownFileType = sourcecode.c.c; path = palette.c; sourceTree = "<group>"; };
		AB807450296AAAC900CA6B33 /* whsmk.c */ = {isa = PBXFileReference; lastKnownFileType = sourcecode.c.c; path = whsmk.c; sourceTree = "<group>"; };
		AB80745E296AAE0500CA6B33 /* smk_malloc.h */ = {isa = PBXFileReference; fileEncoding = 4; lastKnownFileType = sourcecode.c.h; path = smk_malloc.h; sourceTree = "<group>"; };
		AB80745F296AAE0500CA6B33 /* smacker.c */ = {isa = PBXFileReference; fileEncoding = 4; lastKnownFileType = sourcecode.c.c; path = smacker.c; sourceTree = "<group>"; };
		AB807460296AAE0500CA6B33 /* smacker.h */ = {isa = PBXFileReference; fileEncoding = 4; lastKnownFileType = sourcecode.c.h; path = smacker.h; sourceTree = "<group>"; };
		AB807461296AAE0500CA6B33 /* smk_hufftree.h */ = {isa = PBXFileReference; fileEncoding = 4; lastKnownFileType = sourcecode.c.h; path = smk_hufftree.h; sourceTree = "<group>"; };
		AB807462296AAE0500CA6B33 /* smk_bitstream.h */ = {isa = PBXFileReference; fileEncoding = 4; lastKnownFileType = sourcecode.c.h; path = smk_bitstream.h; sourceTree = "<group>"; };
		AB807463296AAE0500CA6B33 /* smk_hufftree.c */ = {isa = PBXFileReference; fileEncoding = 4; lastKnownFileType = sourcecode.c.c; path = smk_hufftree.c; sourceTree = "<group>"; };
		AB807464296AAE0500CA6B33 /* smk_bitstream.c */ = {isa = PBXFileReference; fileEncoding = 4; lastKnownFileType = sourcecode.c.c; path = smk_bitstream.c; sourceTree = "<group>"; };
		AB98B2DE1A6B87E6009E8749 /* config.c */ = {isa = PBXFileReference; fileEncoding = 4; lastKnownFileType = sourcecode.c.c; path = config.c; sourceTree = "<group>"; };
		AB9E4AC42312976F0008A90E /* Images.xcassets */ = {isa = PBXFileReference; lastKnownFileType = folder.assetcatalog; path = Images.xcassets; sourceTree = "<group>"; };
		AB9E4AC82312995E0008A90E /* whaven.c */ = {isa = PBXFileReference; fileEncoding = 4; lastKnownFileType = sourcecode.c.c; path = whaven.c; sourceTree = "<group>"; };
		AB9E4ACF231299700008A90E /* icorp.h */ = {isa = PBXFileReference; fileEncoding = 4; lastKnownFileType = sourcecode.c.h; path = icorp.h; sourceTree = "<group>"; };
		AB9E4ADB2312ABAB0008A90E /* whmenu.c */ = {isa = PBXFileReference; fileEncoding = 4; lastKnownFileType = sourcecode.c.c; path = whmenu.c; sourceTree = "<group>"; };
		AB9E4ADC2312ABAB0008A90E /* whsndmod.c */ = {isa = PBXFileReference; fileEncoding = 4; lastKnownFileType = sourcecode.c.c; path = whsndmod.c; sourceTree = "<group>"; };
		AB9E4ADD2312ABAB0008A90E /* whnet.c */ = {isa = PBXFileReference; fileEncoding = 4; lastKnownFileType = sourcecode.c.c; path = whnet.c; sourceTree = "<group>"; };
		AB9E4ADE2312ABAB0008A90E /* whani.c */ = {isa = PBXFileReference; fileEncoding = 4; lastKnownFileType = sourcecode.c.c; path = whani.c; sourceTree = "<group>"; usesTabs = 1; };
		AB9E4ADF2312ABAB0008A90E /* whtag.c */ = {isa = PBXFileReference; fileEncoding = 4; lastKnownFileType = sourcecode.c.c; path = whtag.c; sourceTree = "<group>"; };
		AB9E4AE02312ABAB0008A90E /* whplr.c */ = {isa = PBXFileReference; fileEncoding = 4; lastKnownFileType = sourcecode.c.c; path = whplr.c; sourceTree = "<group>"; usesTabs = 1; };
		AB9E4AE12312ABAB0008A90E /* whinp.c */ = {isa = PBXFileReference; fileEncoding = 4; lastKnownFileType = sourcecode.c.c; path = whinp.c; sourceTree = "<group>"; };
		AB9E4AE22312ABAB0008A90E /* whobj.c */ = {isa = PBXFileReference; fileEncoding = 4; lastKnownFileType = sourcecode.c.c; path = whobj.c; sourceTree = "<group>"; };
		AB9E4AE32312ABAB0008A90E /* whfx.c */ = {isa = PBXFileReference; fileEncoding = 4; lastKnownFileType = sourcecode.c.c; path = whfx.c; sourceTree = "<group>"; };
		ABB2755225C02828006709E2 /* jfaudiolib.xcodeproj */ = {isa = PBXFileReference; lastKnownFileType = "wrapper.pb-project"; name = jfaudiolib.xcodeproj; path = ../jfaudiolib/jfaudiolib.xcodeproj; sourceTree = "<group>"; };
		ABB2756B25C02867006709E2 /* AudioToolbox.framework */ = {isa = PBXFileReference; lastKnownFileType = wrapper.framework; name = AudioToolbox.framework; path = System/Library/Frameworks/AudioToolbox.framework; sourceTree = SDKROOT; };
		ABB2756D25C0286E006709E2 /* AudioUnit.framework */ = {isa = PBXFileReference; lastKnownFileType = wrapper.framework; name = AudioUnit.framework; path = System/Library/Frameworks/AudioUnit.framework; sourceTree = SDKROOT; };
		ABC75B9D1A49BCC3007D0D43 /* JFWitchaven.app */ = {isa = PBXFileReference; explicitFileType = wrapper.application; includeInIndex = 0; path = JFWitchaven.app; sourceTree = BUILT_PRODUCTS_DIR; };
		ABC75BA11A49BCC3007D0D43 /* JFWitchaven-Info.plist */ = {isa = PBXFileReference; lastKnownFileType = text.plist.xml; path = "JFWitchaven-Info.plist"; sourceTree = "<group>"; };
		ABC75BBE1A49BFB1007D0D43 /* engine.xcodeproj */ = {isa = PBXFileReference; lastKnownFileType = "wrapper.pb-project"; name = engine.xcodeproj; path = ../jfbuild/xcode/engine.xcodeproj; sourceTree = "<group>"; };
		ABC75BD61A49C19A007D0D43 /* startwin.game.nib */ = {isa = PBXFileReference; lastKnownFileType = wrapper.nib; path = startwin.game.nib; sourceTree = "<group>"; };
		ABC75BDC1A49C30C007D0D43 /* SDL2.framework */ = {isa = PBXFileReference; lastKnownFileType = wrapper.framework; name = SDL2.framework; path = /Users/jonof/Library/Frameworks/SDL2.framework; sourceTree = "<absolute>"; };
		ABC75BDF1A49C347007D0D43 /* AppKit.framework */ = {isa = PBXFileReference; lastKnownFileType = wrapper.framework; name = AppKit.framework; path = System/Library/Frameworks/AppKit.framework; sourceTree = SDKROOT; };
		ABC75BE61A49C3DB007D0D43 /* names.h */ = {isa = PBXFileReference; fileEncoding = 4; lastKnownFileType = sourcecode.c.h; path = names.h; sourceTree = "<group>"; };
		ABD03E151A5181020012B9D1 /* StartupWinController.m */ = {isa = PBXFileReference; fileEncoding = 4; lastKnownFileType = sourcecode.c.objc; path = StartupWinController.m; sourceTree = "<group>"; };
		ABD03E481A52720F0012B9D1 /* Build Editor for JFWitchaven.app */ = {isa = PBXFileReference; explicitFileType = wrapper.application; includeInIndex = 0; path = "Build Editor for JFWitchaven.app"; sourceTree = BUILT_PRODUCTS_DIR; };
		ABD03E6A1A5272920012B9D1 /* Build Editor-Info.plist */ = {isa = PBXFileReference; fileEncoding = 4; lastKnownFileType = text.plist.xml; path = "Build Editor-Info.plist"; sourceTree = "<group>"; };
		ABD03E751A52745C0012B9D1 /* startwin.editor.nib */ = {isa = PBXFileReference; lastKnownFileType = wrapper.nib; path = startwin.editor.nib; sourceTree = "<group>"; };
		ABD03E801A5275670012B9D1 /* whbuild.c */ = {isa = PBXFileReference; fileEncoding = 4; lastKnownFileType = sourcecode.c.c; name = whbuild.c; path = ../src/whbuild.c; sourceTree = "<group>"; usesTabs = 1; };
/* End PBXFileReference section */

/* Begin PBXFrameworksBuildPhase section */
		ABC75B9A1A49BCC3007D0D43 /* Frameworks */ = {
			isa = PBXFrameworksBuildPhase;
			buildActionMask = 2147483647;
			files = (
				ABC75BDB1A49C2D8007D0D43 /* libengine.a in Frameworks */,
				ABB2756A25C0285D006709E2 /* libjfaudiolib.a in Frameworks */,
				ABC75BE01A49C347007D0D43 /* AppKit.framework in Frameworks */,
				ABC75BE11A49C36C007D0D43 /* SDL2.framework in Frameworks */,
				AB9E4ABD23125D810008A90E /* SDL2.framework in Frameworks */,
				ABB2756C25C02867006709E2 /* AudioToolbox.framework in Frameworks */,
				ABB2756E25C0286E006709E2 /* AudioUnit.framework in Frameworks */,
			);
			runOnlyForDeploymentPostprocessing = 0;
		};
		ABD03E451A52720F0012B9D1 /* Frameworks */ = {
			isa = PBXFrameworksBuildPhase;
			buildActionMask = 2147483647;
			files = (
				ABD03E7E1A5274910012B9D1 /* libengine.a in Frameworks */,
				ABD03E7C1A5274910012B9D1 /* libeditor.a in Frameworks */,
				ABD03E7D1A5274910012B9D1 /* libeditorsupp.a in Frameworks */,
				ABD03E7B1A5274870012B9D1 /* AppKit.framework in Frameworks */,
				ABD03E781A52747F0012B9D1 /* SDL2.framework in Frameworks */,
			);
			runOnlyForDeploymentPostprocessing = 0;
		};
/* End PBXFrameworksBuildPhase section */

/* Begin PBXGroup section */
		AB80745D296AADDD00CA6B33 /* libsmacker */ = {
			isa = PBXGroup;
			children = (
				AB80745F296AAE0500CA6B33 /* smacker.c */,
				AB807460296AAE0500CA6B33 /* smacker.h */,
				AB807464296AAE0500CA6B33 /* smk_bitstream.c */,
				AB807462296AAE0500CA6B33 /* smk_bitstream.h */,
				AB807463296AAE0500CA6B33 /* smk_hufftree.c */,
				AB807461296AAE0500CA6B33 /* smk_hufftree.h */,
				AB80745E296AAE0500CA6B33 /* smk_malloc.h */,
			);
			name = libsmacker;
			path = ../libsmacker;
			sourceTree = "<group>";
		};
		AB8927622B6E37510055B555 /* rsrc */ = {
			isa = PBXGroup;
			children = (
				AB7F67B02B6BE86700CF1300 /* palette.c */,
			);
			name = rsrc;
			path = ../rsrc;
			sourceTree = "<group>";
		};
		ABB2755325C02828006709E2 /* Products */ = {
			isa = PBXGroup;
			children = (
				ABB2755E25C02828006709E2 /* libjfaudiolib.a */,
				ABB2756025C02828006709E2 /* test */,
			);
			name = Products;
			sourceTree = "<group>";
		};
		ABB2756925C0285D006709E2 /* Frameworks */ = {
			isa = PBXGroup;
			children = (
				ABB2756D25C0286E006709E2 /* AudioUnit.framework */,
				ABB2756B25C02867006709E2 /* AudioToolbox.framework */,
			);
			name = Frameworks;
			sourceTree = "<group>";
		};
		ABC75B921A49BC18007D0D43 = {
			isa = PBXGroup;
			children = (
				ABC75BBE1A49BFB1007D0D43 /* engine.xcodeproj */,
				ABB2755225C02828006709E2 /* jfaudiolib.xcodeproj */,
				ABC75BD41A49C16E007D0D43 /* Game */,
				ABD03E681A52726F0012B9D1 /* Editor */,
				ABC75B9E1A49BCC3007D0D43 /* Products */,
				ABC75BDE1A49C311007D0D43 /* Linked Frameworks */,
				ABB2756925C0285D006709E2 /* Frameworks */,
			);
			sourceTree = "<group>";
		};
		ABC75B9E1A49BCC3007D0D43 /* Products */ = {
			isa = PBXGroup;
			children = (
				ABC75B9D1A49BCC3007D0D43 /* JFWitchaven.app */,
				ABD03E481A52720F0012B9D1 /* Build Editor for JFWitchaven.app */,
			);
			name = Products;
			sourceTree = "<group>";
		};
		ABC75BBF1A49BFB1007D0D43 /* Products */ = {
			isa = PBXGroup;
			children = (
				ABC75BC91A49BFB1007D0D43 /* libengine.a */,
				ABC75BCB1A49BFB1007D0D43 /* libeditor.a */,
				ABC75BCD1A49BFB1007D0D43 /* libeditorsupp.a */,
				ABC75BCF1A49BFB1007D0D43 /* arttool */,
				AB5BD5E023123DA000BC4BEF /* bin2c */,
				ABC75BD11A49BFB1007D0D43 /* kextract */,
				ABC75BD31A49BFB1007D0D43 /* kgroup */,
				ABD03E2E1A522B970012B9D1 /* transpal */,
			);
			name = Products;
			sourceTree = "<group>";
		};
		ABC75BD41A49C16E007D0D43 /* Game */ = {
			isa = PBXGroup;
			children = (
				AB80745D296AADDD00CA6B33 /* libsmacker */,
				ABC75BE41A49C3DB007D0D43 /* src */,
				AB8927622B6E37510055B555 /* rsrc */,
				ABC75BD61A49C19A007D0D43 /* startwin.game.nib */,
				AB17554A25AC898300C581C8 /* JFWitchaven.entitlements */,
				ABC75BA11A49BCC3007D0D43 /* JFWitchaven-Info.plist */,
				AB9E4AC42312976F0008A90E /* Images.xcassets */,
			);
			name = Game;
			sourceTree = "<group>";
		};
		ABC75BDE1A49C311007D0D43 /* Linked Frameworks */ = {
			isa = PBXGroup;
			children = (
				ABC75BDF1A49C347007D0D43 /* AppKit.framework */,
				ABC75BDC1A49C30C007D0D43 /* SDL2.framework */,
			);
			name = "Linked Frameworks";
			sourceTree = "<group>";
		};
		ABC75BE41A49C3DB007D0D43 /* src */ = {
			isa = PBXGroup;
			children = (
				AB3AE6C11A4D423600CE4329 /* b5compat.c */,
				AB98B2DE1A6B87E6009E8749 /* config.c */,
				AB7F67A62B6BDA0F00CF1300 /* datascan.c */,
				AB5BD5FD23123FA500BC4BEF /* version-auto.c */,
				AB9E4ADE2312ABAB0008A90E /* whani.c */,
				AB9E4AC82312995E0008A90E /* whaven.c */,
				AB9E4AE32312ABAB0008A90E /* whfx.c */,
				AB9E4AE12312ABAB0008A90E /* whinp.c */,
				AB9E4ADB2312ABAB0008A90E /* whmenu.c */,
				AB9E4ADD2312ABAB0008A90E /* whnet.c */,
				AB9E4AE22312ABAB0008A90E /* whobj.c */,
				AB9E4AE02312ABAB0008A90E /* whplr.c */,
				AB807450296AAAC900CA6B33 /* whsmk.c */,
				AB9E4ADC2312ABAB0008A90E /* whsndmod.c */,
				AB9E4ADF2312ABAB0008A90E /* whtag.c */,
				AB17555525AC8B7800C581C8 /* version-auto.c */,
				AB7F67AF2B6BDA7E00CF1300 /* datascan.h */,
				AB9E4ACF231299700008A90E /* icorp.h */,
				AB17551325A802C300C581C8 /* jeff.h */,
				AB17551725A8036900C581C8 /* keydefs.h */,
				AB17551225A802C300C581C8 /* les.h */,
				ABC75BE61A49C3DB007D0D43 /* names.h */,
				AB17551425A802C300C581C8 /* raf.h */,
				AB17551125A8029A00C581C8 /* sndmod.h */,
				AB17551F25A9A9CD00C581C8 /* startwin.h */,
				AB17551525A802E300C581C8 /* whdefs.h */,
				ABD03E151A5181020012B9D1 /* StartupWinController.m */,
				AB17555F25AC8B8800C581C8 /* version.h */,
			);
			name = src;
			path = ../src;
			sourceTree = "<group>";
		};
		ABD03E681A52726F0012B9D1 /* Editor */ = {
			isa = PBXGroup;
			children = (
				ABD03E691A5272890012B9D1 /* src */,
				ABD03E751A52745C0012B9D1 /* startwin.editor.nib */,
				AB1755AE25B8510100C581C8 /* Build Editor for JFWitchaven.entitlements */,
				ABD03E6A1A5272920012B9D1 /* Build Editor-Info.plist */,
			);
			name = Editor;
			sourceTree = "<group>";
		};
		ABD03E691A5272890012B9D1 /* src */ = {
			isa = PBXGroup;
			children = (
				ABD03E801A5275670012B9D1 /* whbuild.c */,
			);
			name = src;
			sourceTree = "<group>";
		};
/* End PBXGroup section */

/* Begin PBXNativeTarget section */
		ABC75B9C1A49BCC3007D0D43 /* JFWitchaven */ = {
			isa = PBXNativeTarget;
			buildConfigurationList = ABC75BBC1A49BCC3007D0D43 /* Build configuration list for PBXNativeTarget "JFWitchaven" */;
			buildPhases = (
				ABC75B9B1A49BCC3007D0D43 /* Resources */,
				ABC75B991A49BCC3007D0D43 /* Sources */,
				ABC75B9A1A49BCC3007D0D43 /* Frameworks */,
				AB9E4ABF23125D810008A90E /* Embed Frameworks */,
			);
			buildRules = (
			);
			dependencies = (
				ABC75BE31A49C3AB007D0D43 /* PBXTargetDependency */,
				ABB2756825C02855006709E2 /* PBXTargetDependency */,
				AB5BD5FC23123F8100BC4BEF /* PBXTargetDependency */,
			);
			name = JFWitchaven;
			productName = JFWitchaven;
			productReference = ABC75B9D1A49BCC3007D0D43 /* JFWitchaven.app */;
			productType = "com.apple.product-type.application";
		};
		ABD03E471A52720F0012B9D1 /* Build Editor for JFWitchaven */ = {
			isa = PBXNativeTarget;
			buildConfigurationList = ABD03E621A5272100012B9D1 /* Build configuration list for PBXNativeTarget "Build Editor for JFWitchaven" */;
			buildPhases = (
				ABD03E461A52720F0012B9D1 /* Resources */,
				ABD03E441A52720F0012B9D1 /* Sources */,
				ABD03E451A52720F0012B9D1 /* Frameworks */,
				ABD03E7A1A52747F0012B9D1 /* Embed Frameworks */,
			);
			buildRules = (
			);
			dependencies = (
				ABD03E6D1A5273AE0012B9D1 /* PBXTargetDependency */,
				ABD03E6F1A5273AE0012B9D1 /* PBXTargetDependency */,
				ABD03E711A5273AE0012B9D1 /* PBXTargetDependency */,
			);
			name = "Build Editor for JFWitchaven";
			productName = editor;
			productReference = ABD03E481A52720F0012B9D1 /* Build Editor for JFWitchaven.app */;
			productType = "com.apple.product-type.application";
		};
/* End PBXNativeTarget section */

/* Begin PBXProject section */
		ABC75B931A49BC18007D0D43 /* Project object */ = {
			isa = PBXProject;
			attributes = {
				LastUpgradeCheck = 0610;
				TargetAttributes = {
					AB5BD5E323123DD300BC4BEF = {
						CreatedOnToolsVersion = 10.3;
						ProvisioningStyle = Automatic;
					};
					AB5BD5EF23123F0300BC4BEF = {
						CreatedOnToolsVersion = 10.3;
						ProvisioningStyle = Automatic;
					};
					ABC75B9C1A49BCC3007D0D43 = {
						CreatedOnToolsVersion = 6.1.1;
						ProvisioningStyle = Automatic;
					};
					ABD03E471A52720F0012B9D1 = {
						CreatedOnToolsVersion = 6.1.1;
					};
				};
			};
			buildConfigurationList = ABC75B961A49BC18007D0D43 /* Build configuration list for PBXProject "whaven" */;
			compatibilityVersion = "Xcode 8.0";
			developmentRegion = en;
			hasScannedForEncodings = 0;
			knownRegions = (
				en,
				Base,
			);
			mainGroup = ABC75B921A49BC18007D0D43;
			productRefGroup = ABC75B9E1A49BCC3007D0D43 /* Products */;
			projectDirPath = "";
			projectReferences = (
				{
					ProductGroup = ABC75BBF1A49BFB1007D0D43 /* Products */;
					ProjectRef = ABC75BBE1A49BFB1007D0D43 /* engine.xcodeproj */;
				},
				{
					ProductGroup = ABB2755325C02828006709E2 /* Products */;
					ProjectRef = ABB2755225C02828006709E2 /* jfaudiolib.xcodeproj */;
				},
			);
			projectRoot = "";
			targets = (
				AB5BD5E323123DD300BC4BEF /* all */,
				AB5BD5EF23123F0300BC4BEF /* Version stamp */,
				ABC75B9C1A49BCC3007D0D43 /* JFWitchaven */,
				ABD03E471A52720F0012B9D1 /* Build Editor for JFWitchaven */,
			);
		};
/* End PBXProject section */

/* Begin PBXReferenceProxy section */
		AB5BD5E023123DA000BC4BEF /* bin2c */ = {
			isa = PBXReferenceProxy;
			fileType = "compiled.mach-o.executable";
			path = bin2c;
			remoteRef = AB5BD5DF23123DA000BC4BEF /* PBXContainerItemProxy */;
			sourceTree = BUILT_PRODUCTS_DIR;
		};
		ABB2755E25C02828006709E2 /* libjfaudiolib.a */ = {
			isa = PBXReferenceProxy;
			fileType = archive.ar;
			path = libjfaudiolib.a;
			remoteRef = ABB2755D25C02828006709E2 /* PBXContainerItemProxy */;
			sourceTree = BUILT_PRODUCTS_DIR;
		};
		ABB2756025C02828006709E2 /* test */ = {
			isa = PBXReferenceProxy;
			fileType = "compiled.mach-o.executable";
			path = test;
			remoteRef = ABB2755F25C02828006709E2 /* PBXContainerItemProxy */;
			sourceTree = BUILT_PRODUCTS_DIR;
		};
		ABC75BC91A49BFB1007D0D43 /* libengine.a */ = {
			isa = PBXReferenceProxy;
			fileType = archive.ar;
			path = libengine.a;
			remoteRef = ABC75BC81A49BFB1007D0D43 /* PBXContainerItemProxy */;
			sourceTree = BUILT_PRODUCTS_DIR;
		};
		ABC75BCB1A49BFB1007D0D43 /* libeditor.a */ = {
			isa = PBXReferenceProxy;
			fileType = archive.ar;
			path = libeditor.a;
			remoteRef = ABC75BCA1A49BFB1007D0D43 /* PBXContainerItemProxy */;
			sourceTree = BUILT_PRODUCTS_DIR;
		};
		ABC75BCD1A49BFB1007D0D43 /* libeditorsupp.a */ = {
			isa = PBXReferenceProxy;
			fileType = archive.ar;
			path = libeditorsupp.a;
			remoteRef = ABC75BCC1A49BFB1007D0D43 /* PBXContainerItemProxy */;
			sourceTree = BUILT_PRODUCTS_DIR;
		};
		ABC75BCF1A49BFB1007D0D43 /* arttool */ = {
			isa = PBXReferenceProxy;
			fileType = "compiled.mach-o.executable";
			path = arttool;
			remoteRef = ABC75BCE1A49BFB1007D0D43 /* PBXContainerItemProxy */;
			sourceTree = BUILT_PRODUCTS_DIR;
		};
		ABC75BD11A49BFB1007D0D43 /* kextract */ = {
			isa = PBXReferenceProxy;
			fileType = "compiled.mach-o.executable";
			path = kextract;
			remoteRef = ABC75BD01A49BFB1007D0D43 /* PBXContainerItemProxy */;
			sourceTree = BUILT_PRODUCTS_DIR;
		};
		ABC75BD31A49BFB1007D0D43 /* kgroup */ = {
			isa = PBXReferenceProxy;
			fileType = "compiled.mach-o.executable";
			path = kgroup;
			remoteRef = ABC75BD21A49BFB1007D0D43 /* PBXContainerItemProxy */;
			sourceTree = BUILT_PRODUCTS_DIR;
		};
		ABD03E2E1A522B970012B9D1 /* transpal */ = {
			isa = PBXReferenceProxy;
			fileType = "compiled.mach-o.executable";
			path = transpal;
			remoteRef = ABD03E2D1A522B970012B9D1 /* PBXContainerItemProxy */;
			sourceTree = BUILT_PRODUCTS_DIR;
		};
/* End PBXReferenceProxy section */

/* Begin PBXResourcesBuildPhase section */
		ABC75B9B1A49BCC3007D0D43 /* Resources */ = {
			isa = PBXResourcesBuildPhase;
			buildActionMask = 2147483647;
			files = (
				ABC75BD81A49C19A007D0D43 /* startwin.game.nib in Resources */,
				AB9E4AC52312976F0008A90E /* Images.xcassets in Resources */,
			);
			runOnlyForDeploymentPostprocessing = 0;
		};
		ABD03E461A52720F0012B9D1 /* Resources */ = {
			isa = PBXResourcesBuildPhase;
			buildActionMask = 2147483647;
			files = (
				ABD03E771A52745C0012B9D1 /* startwin.editor.nib in Resources */,
				AB1755BA25B9BD0800C581C8 /* Images.xcassets in Resources */,
			);
			runOnlyForDeploymentPostprocessing = 0;
		};
/* End PBXResourcesBuildPhase section */

/* Begin PBXShellScriptBuildPhase section */
		AB5BD5FA23123F1C00BC4BEF /* ShellScript */ = {
			isa = PBXShellScriptBuildPhase;
			buildActionMask = 2147483647;
			files = (
			);
			inputFileListPaths = (
			);
			inputPaths = (
			);
			outputFileListPaths = (
			);
			outputPaths = (
				"$(SOURCE_ROOT)/../src/version-auto.c",
			);
			runOnlyForDeploymentPostprocessing = 0;
			shellPath = /bin/sh;
			shellScript = "cd $PROJECT_DIR/..\ngitdescribe=$(git describe --always 2>/dev/null || echo git error)\n\ncat >src/version-auto.c <<EOT\nconst char *game_version = \"$gitdescribe\";\nconst char *game_date = __DATE__;\nconst char *game_time = __TIME__;\nEOT\n";
		};
/* End PBXShellScriptBuildPhase section */

/* Begin PBXSourcesBuildPhase section */
		ABC75B991A49BCC3007D0D43 /* Sources */ = {
			isa = PBXSourcesBuildPhase;
			buildActionMask = 2147483647;
			files = (
				AB7F67A72B6BDA0F00CF1300 /* datascan.c in Sources */,
				AB807465296AAE0500CA6B33 /* smacker.c in Sources */,
				AB807458296AAD9B00CA6B33 /* whsmk.c in Sources */,
				AB9E4AE92312ABAB0008A90E /* whplr.c in Sources */,
				AB9E4AE62312ABAB0008A90E /* whnet.c in Sources */,
				AB7F67B12B6BE86700CF1300 /* palette.c in Sources */,
				AB9E4AEA2312ABAB0008A90E /* whinp.c in Sources */,
				AB807467296AAE0500CA6B33 /* smk_bitstream.c in Sources */,
				AB3AE6C21A4D423600CE4329 /* b5compat.c in Sources */,
				AB9E4AEC2312ABAB0008A90E /* whfx.c in Sources */,
				AB17555C25AC8B7800C581C8 /* version-auto.c in Sources */,
				AB9E4AE42312ABAB0008A90E /* whmenu.c in Sources */,
				AB9E4AE82312ABAB0008A90E /* whtag.c in Sources */,
				AB98B2DF1A6B87E6009E8749 /* config.c in Sources */,
				AB17554425AC812300C581C8 /* whaven.c in Sources */,
				AB9E4AE52312ABAB0008A90E /* whsndmod.c in Sources */,
				AB9E4AE72312ABAB0008A90E /* whani.c in Sources */,
				ABD03E161A5181020012B9D1 /* StartupWinController.m in Sources */,
				AB9E4AEB2312ABAB0008A90E /* whobj.c in Sources */,
				AB807466296AAE0500CA6B33 /* smk_hufftree.c in Sources */,
			);
			runOnlyForDeploymentPostprocessing = 0;
		};
		ABD03E441A52720F0012B9D1 /* Sources */ = {
			isa = PBXSourcesBuildPhase;
			buildActionMask = 2147483647;
			files = (
				ABD03E811A5275670012B9D1 /* whbuild.c in Sources */,
			);
			runOnlyForDeploymentPostprocessing = 0;
		};
/* End PBXSourcesBuildPhase section */

/* Begin PBXTargetDependency section */
		AB5BD5E823123DE400BC4BEF /* PBXTargetDependency */ = {
			isa = PBXTargetDependency;
			target = ABC75B9C1A49BCC3007D0D43 /* JFWitchaven */;
			targetProxy = AB5BD5E723123DE400BC4BEF /* PBXContainerItemProxy */;
		};
		AB5BD5EA23123DE500BC4BEF /* PBXTargetDependency */ = {
			isa = PBXTargetDependency;
			target = ABD03E471A52720F0012B9D1 /* Build Editor for JFWitchaven */;
			targetProxy = AB5BD5E923123DE500BC4BEF /* PBXContainerItemProxy */;
		};
		AB5BD5FC23123F8100BC4BEF /* PBXTargetDependency */ = {
			isa = PBXTargetDependency;
			target = AB5BD5EF23123F0300BC4BEF /* Version stamp */;
			targetProxy = AB5BD5FB23123F8100BC4BEF /* PBXContainerItemProxy */;
		};
		ABB2756825C02855006709E2 /* PBXTargetDependency */ = {
			isa = PBXTargetDependency;
			name = jfaudiolib;
			targetProxy = ABB2756725C02855006709E2 /* PBXContainerItemProxy */;
		};
		ABC75BE31A49C3AB007D0D43 /* PBXTargetDependency */ = {
			isa = PBXTargetDependency;
			name = engine;
			targetProxy = ABC75BE21A49C3AB007D0D43 /* PBXContainerItemProxy */;
		};
		ABD03E6D1A5273AE0012B9D1 /* PBXTargetDependency */ = {
			isa = PBXTargetDependency;
			name = engine;
			targetProxy = ABD03E6C1A5273AE0012B9D1 /* PBXContainerItemProxy */;
		};
		ABD03E6F1A5273AE0012B9D1 /* PBXTargetDependency */ = {
			isa = PBXTargetDependency;
			name = editor;
			targetProxy = ABD03E6E1A5273AE0012B9D1 /* PBXContainerItemProxy */;
		};
		ABD03E711A5273AE0012B9D1 /* PBXTargetDependency */ = {
			isa = PBXTargetDependency;
			name = editorsupp;
			targetProxy = ABD03E701A5273AE0012B9D1 /* PBXContainerItemProxy */;
		};
/* End PBXTargetDependency section */

/* Begin XCBuildConfiguration section */
		AB5BD5E523123DD300BC4BEF /* Debug */ = {
			isa = XCBuildConfiguration;
			buildSettings = {
				CODE_SIGN_STYLE = Automatic;
				PRODUCT_NAME = "$(TARGET_NAME)";
			};
			name = Debug;
		};
		AB5BD5E623123DD300BC4BEF /* Release */ = {
			isa = XCBuildConfiguration;
			buildSettings = {
				CODE_SIGN_STYLE = Automatic;
				PRODUCT_NAME = "$(TARGET_NAME)";
			};
			name = Release;
		};
		AB5BD5F123123F0300BC4BEF /* Debug */ = {
			isa = XCBuildConfiguration;
			buildSettings = {
				CODE_SIGN_STYLE = Automatic;
				PRODUCT_NAME = "$(TARGET_NAME)";
			};
			name = Debug;
		};
		AB5BD5F223123F0300BC4BEF /* Release */ = {
			isa = XCBuildConfiguration;
			buildSettings = {
				CODE_SIGN_STYLE = Automatic;
				PRODUCT_NAME = "$(TARGET_NAME)";
			};
			name = Release;
		};
		ABC75B971A49BC18007D0D43 /* Debug */ = {
			isa = XCBuildConfiguration;
			buildSettings = {
				ALWAYS_SEARCH_USER_PATHS = NO;
				CLANG_CXX_LANGUAGE_STANDARD = "c++98";
				COPY_PHASE_STRIP = NO;
				ENABLE_HARDENED_RUNTIME = YES;
				GCC_CHAR_IS_UNSIGNED_CHAR = NO;
				GCC_C_LANGUAGE_STANDARD = c99;
				GCC_ENABLE_CPP_EXCEPTIONS = NO;
				GCC_ENABLE_CPP_RTTI = NO;
				GCC_OPTIMIZATION_LEVEL = 0;
				GCC_PREPROCESSOR_DEFINITIONS = (
					"USE_POLYMOST=1",
					"USE_OPENGL=1",
					RENDERTYPESDL,
				);
				HEADER_SEARCH_PATHS = (
					../src,
					../jfbuild/include,
					../jfaudiolib/include,
				);
				MACOSX_DEPLOYMENT_TARGET = 10.15;
				ONLY_ACTIVE_ARCH = YES;
				WARNING_CFLAGS = (
					"-W",
					"-Wall",
				);
			};
			name = Debug;
		};
		ABC75B981A49BC18007D0D43 /* Release */ = {
			isa = XCBuildConfiguration;
			buildSettings = {
				ALWAYS_SEARCH_USER_PATHS = NO;
				CLANG_CXX_LANGUAGE_STANDARD = "c++98";
				COPY_PHASE_STRIP = YES;
				ENABLE_HARDENED_RUNTIME = YES;
				GCC_CHAR_IS_UNSIGNED_CHAR = NO;
				GCC_C_LANGUAGE_STANDARD = c99;
				GCC_ENABLE_CPP_EXCEPTIONS = NO;
				GCC_ENABLE_CPP_RTTI = NO;
				GCC_PREPROCESSOR_DEFINITIONS = (
					"USE_POLYMOST=1",
					"USE_OPENGL=1",
					RENDERTYPESDL,
				);
				HEADER_SEARCH_PATHS = (
					../src,
					../jfbuild/include,
					../jfaudiolib/include,
				);
				MACOSX_DEPLOYMENT_TARGET = 10.15;
				WARNING_CFLAGS = (
					"-W",
					"-Wall",
				);
			};
			name = Release;
		};
		ABC75BB81A49BCC3007D0D43 /* Debug */ = {
			isa = XCBuildConfiguration;
			buildSettings = {
				ASSETCATALOG_COMPILER_APPICON_NAME = AppIcon;
				CODE_SIGN_ENTITLEMENTS = JFWitchaven.entitlements;
				CODE_SIGN_IDENTITY = "Mac Developer";
				CODE_SIGN_STYLE = Automatic;
				COMBINE_HIDPI_IMAGES = YES;
				DEVELOPMENT_TEAM = S7U4E54CHC;
				ENABLE_HARDENED_RUNTIME = YES;
				FRAMEWORK_SEARCH_PATHS = "$(USER_LIBRARY_DIR)/Frameworks";
				INFOPLIST_FILE = "$(SRCROOT)/JFWitchaven-Info.plist";
				LD_RUNPATH_SEARCH_PATHS = "$(inherited) @loader_path/../Frameworks @executable_path/../Frameworks";
				OTHER_LDFLAGS = "-lc++";
				PRODUCT_BUNDLE_IDENTIFIER = au.id.jonof.jfwhaven;
				PRODUCT_NAME = "$(TARGET_NAME)";
				PROVISIONING_PROFILE_SPECIFIER = "";
			};
			name = Debug;
		};
		ABC75BB91A49BCC3007D0D43 /* Release */ = {
			isa = XCBuildConfiguration;
			buildSettings = {
				ASSETCATALOG_COMPILER_APPICON_NAME = AppIcon;
				CODE_SIGN_ENTITLEMENTS = JFWitchaven.entitlements;
				CODE_SIGN_IDENTITY = "Mac Developer";
				CODE_SIGN_STYLE = Automatic;
				COMBINE_HIDPI_IMAGES = YES;
				DEVELOPMENT_TEAM = S7U4E54CHC;
				ENABLE_HARDENED_RUNTIME = YES;
				FRAMEWORK_SEARCH_PATHS = "$(USER_LIBRARY_DIR)/Frameworks";
				INFOPLIST_FILE = "$(SRCROOT)/JFWitchaven-Info.plist";
				LD_RUNPATH_SEARCH_PATHS = "$(inherited) @loader_path/../Frameworks @executable_path/../Frameworks";
				OTHER_LDFLAGS = "-lc++";
				PRODUCT_BUNDLE_IDENTIFIER = au.id.jonof.jfwhaven;
				PRODUCT_NAME = "$(TARGET_NAME)";
				PROVISIONING_PROFILE_SPECIFIER = "";
			};
			name = Release;
		};
		ABD03E631A5272100012B9D1 /* Debug */ = {
			isa = XCBuildConfiguration;
			buildSettings = {
				ASSETCATALOG_COMPILER_APPICON_NAME = EditorAppIcon;
				CODE_SIGN_ENTITLEMENTS = "Build Editor for JFWitchaven.entitlements";
				COMBINE_HIDPI_IMAGES = YES;
				ENABLE_HARDENED_RUNTIME = YES;
				FRAMEWORK_SEARCH_PATHS = "$(USER_LIBRARY_DIR)/Frameworks";
				INFOPLIST_FILE = "$(SRCROOT)/Build Editor-Info.plist";
				LD_RUNPATH_SEARCH_PATHS = "$(inherited) @loader_path/../Frameworks @executable_path/../Frameworks";
				OTHER_LDFLAGS = "-lstdc++";
				PRODUCT_BUNDLE_IDENTIFIER = au.id.jonof.jfwhaven.build;
				PRODUCT_NAME = "$(TARGET_NAME)";
			};
			name = Debug;
		};
		ABD03E641A5272100012B9D1 /* Release */ = {
			isa = XCBuildConfiguration;
			buildSettings = {
				ASSETCATALOG_COMPILER_APPICON_NAME = EditorAppIcon;
				CODE_SIGN_ENTITLEMENTS = "Build Editor for JFWitchaven.entitlements";
				COMBINE_HIDPI_IMAGES = YES;
				ENABLE_HARDENED_RUNTIME = YES;
				FRAMEWORK_SEARCH_PATHS = "$(USER_LIBRARY_DIR)/Frameworks";
				INFOPLIST_FILE = "$(SRCROOT)/Build Editor-Info.plist";
				LD_RUNPATH_SEARCH_PATHS = "$(inherited) @loader_path/../Frameworks @executable_path/../Frameworks";
				OTHER_LDFLAGS = "-lstdc++";
				PRODUCT_BUNDLE_IDENTIFIER = au.id.jonof.jfwhaven.build;
				PRODUCT_NAME = "$(TARGET_NAME)";
			};
			name = Release;
		};
/* End XCBuildConfiguration section */

/* Begin XCConfigurationList section */
		AB5BD5E423123DD300BC4BEF /* Build configuration list for PBXAggregateTarget "all" */ = {
			isa = XCConfigurationList;
			buildConfigurations = (
				AB5BD5E523123DD300BC4BEF /* Debug */,
				AB5BD5E623123DD300BC4BEF /* Release */,
			);
			defaultConfigurationIsVisible = 0;
			defaultConfigurationName = Release;
		};
		AB5BD5F023123F0300BC4BEF /* Build configuration list for PBXAggregateTarget "Version stamp" */ = {
			isa = XCConfigurationList;
			buildConfigurations = (
				AB5BD5F123123F0300BC4BEF /* Debug */,
				AB5BD5F223123F0300BC4BEF /* Release */,
			);
			defaultConfigurationIsVisible = 0;
			defaultConfigurationName = Release;
		};
		ABC75B961A49BC18007D0D43 /* Build configuration list for PBXProject "whaven" */ = {
			isa = XCConfigurationList;
			buildConfigurations = (
				ABC75B971A49BC18007D0D43 /* Debug */,
				ABC75B981A49BC18007D0D43 /* Release */,
			);
			defaultConfigurationIsVisible = 0;
			defaultConfigurationName = Release;
		};
		ABC75BBC1A49BCC3007D0D43 /* Build configuration list for PBXNativeTarget "JFWitchaven" */ = {
			isa = XCConfigurationList;
			buildConfigurations = (
				ABC75BB81A49BCC3007D0D43 /* Debug */,
				ABC75BB91A49BCC3007D0D43 /* Release */,
			);
			defaultConfigurationIsVisible = 0;
			defaultConfigurationName = Release;
		};
		ABD03E621A5272100012B9D1 /* Build configuration list for PBXNativeTarget "Build Editor for JFWitchaven" */ = {
			isa = XCConfigurationList;
			buildConfigurations = (
				ABD03E631A5272100012B9D1 /* Debug */,
				ABD03E641A5272100012B9D1 /* Release */,
			);
			defaultConfigurationIsVisible = 0;
			defaultConfigurationName = Release;
		};
/* End XCConfigurationList section */
	};
	rootObject = ABC75B931A49BC18007D0D43 /* Project object */;
}
